
Microsoft Visual Studio Solution File, Format Version 10.00
# Visual Studio 2008
Project("{8BC9CEB8-8B4A-11D0-8D11-00A0C91BC942}") = "QKeccakHash_VS2008", "QKeccakHash_VS2008.vcproj", "{CD85FA8C-028E-40D5-99B5-4A69632E8E81}"
EndProject
Global
	GlobalSection(SolutionConfigurationPlatforms) = preSolution
		Debug|Win32 = Debug|Win32
		Release_Static|Win32 = Release_Static|Win32
		Release|Win32 = Release|Win32
	EndGlobalSection
	GlobalSection(ProjectConfigurationPlatforms) = postSolution
		{CD85FA8C-028E-40D5-99B5-4A69632E8E81}.Debug|Win32.ActiveCfg = Debug|Win32
		{CD85FA8C-028E-40D5-99B5-4A69632E8E81}.Debug|Win32.Build.0 = Debug|Win32
		{CD85FA8C-028E-40D5-99B5-4A69632E8E81}.Release_Static|Win32.ActiveCfg = Release_Static|Win32
		{CD85FA8C-028E-40D5-99B5-4A69632E8E81}.Release_Static|Win32.Build.0 = Release_Static|Win32
		{CD85FA8C-028E-40D5-99B5-4A69632E8E81}.Release|Win32.ActiveCfg = Release|Win32
		{CD85FA8C-028E-40D5-99B5-4A69632E8E81}.Release|Win32.Build.0 = Release|Win32
	EndGlobalSection
	GlobalSection(SolutionProperties) = preSolution
		HideSolutionNode = FALSE
	EndGlobalSection
EndGlobal
